// !$*UTF8*$!
{
	archiveVersion = 1;
	classes = {
	};
	objectVersion = 56;
	objects = {

/* Begin PBXBuildFile section */
		8538A57F2BC7C47E005F245C /* AppDelegate.swift in Sources */ = {isa = PBXBuildFile; fileRef = 8538A57E2BC7C47E005F245C /* AppDelegate.swift */; };
		8538A5812BC7C47E005F245C /* SceneDelegate.swift in Sources */ = {isa = PBXBuildFile; fileRef = 8538A5802BC7C47E005F245C /* SceneDelegate.swift */; };
		8538A5832BC7C47E005F245C /* ViewController.swift in Sources */ = {isa = PBXBuildFile; fileRef = 8538A5822BC7C47E005F245C /* ViewController.swift */; };
		8538A5862BC7C47E005F245C /* Main.storyboard in Resources */ = {isa = PBXBuildFile; fileRef = 8538A5842BC7C47E005F245C /* Main.storyboard */; };
		8538A5892BC7C47E005F245C /* Let_s_ALL_IN.xcdatamodeld in Sources */ = {isa = PBXBuildFile; fileRef = 8538A5872BC7C47E005F245C /* Let_s_ALL_IN.xcdatamodeld */; };
		8538A58B2BC7C47F005F245C /* Assets.xcassets in Resources */ = {isa = PBXBuildFile; fileRef = 8538A58A2BC7C47F005F245C /* Assets.xcassets */; };
		8538A58E2BC7C47F005F245C /* LaunchScreen.storyboard in Resources */ = {isa = PBXBuildFile; fileRef = 8538A58C2BC7C47F005F245C /* LaunchScreen.storyboard */; };
/* End PBXBuildFile section */

/* Begin PBXFileReference section */
		8538A57B2BC7C47E005F245C /* Let's ALL IN.app */ = {isa = PBXFileReference; explicitFileType = wrapper.application; includeInIndex = 0; path = "Let's ALL IN.app"; sourceTree = BUILT_PRODUCTS_DIR; };
		8538A57E2BC7C47E005F245C /* AppDelegate.swift */ = {isa = PBXFileReference; lastKnownFileType = sourcecode.swift; path = AppDelegate.swift; sourceTree = "<group>"; };
		8538A5802BC7C47E005F245C /* SceneDelegate.swift */ = {isa = PBXFileReference; lastKnownFileType = sourcecode.swift; path = SceneDelegate.swift; sourceTree = "<group>"; };
		8538A5822BC7C47E005F245C /* ViewController.swift */ = {isa = PBXFileReference; lastKnownFileType = sourcecode.swift; path = ViewController.swift; sourceTree = "<group>"; };
		8538A5852BC7C47E005F245C /* Base */ = {isa = PBXFileReference; lastKnownFileType = file.storyboard; name = Base; path = Base.lproj/Main.storyboard; sourceTree = "<group>"; };
		8538A5882BC7C47E005F245C /* Let_s_ALL_IN.xcdatamodel */ = {isa = PBXFileReference; lastKnownFileType = wrapper.xcdatamodel; path = Let_s_ALL_IN.xcdatamodel; sourceTree = "<group>"; };
		8538A58A2BC7C47F005F245C /* Assets.xcassets */ = {isa = PBXFileReference; lastKnownFileType = folder.assetcatalog; path = Assets.xcassets; sourceTree = "<group>"; };
		8538A58D2BC7C47F005F245C /* Base */ = {isa = PBXFileReference; lastKnownFileType = file.storyboard; name = Base; path = Base.lproj/LaunchScreen.storyboard; sourceTree = "<group>"; };
		8538A58F2BC7C47F005F245C /* Info.plist */ = {isa = PBXFileReference; lastKnownFileType = text.plist.xml; path = Info.plist; sourceTree = "<group>"; };
/* End PBXFileReference section */

/* Begin PBXFrameworksBuildPhase section */
		8538A5782BC7C47E005F245C /* Frameworks */ = {
			isa = PBXFrameworksBuildPhase;
			buildActionMask = 2147483647;
			files = (
			);
			runOnlyForDeploymentPostprocessing = 0;
		};
/* End PBXFrameworksBuildPhase section */

/* Begin PBXGroup section */
		8538A5722BC7C47E005F245C = {
			isa = PBXGroup;
			children = (
				8538A57D2BC7C47E005F245C /* Let's ALL IN */,
				8538A57C2BC7C47E005F245C /* Products */,
			);
			sourceTree = "<group>";
		};
		8538A57C2BC7C47E005F245C /* Products */ = {
			isa = PBXGroup;
			children = (
				8538A57B2BC7C47E005F245C /* Let's ALL IN.app */,
			);
			name = Products;
			sourceTree = "<group>";
		};
		8538A57D2BC7C47E005F245C /* Let's ALL IN */ = {
			isa = PBXGroup;
			children = (
				8538A57E2BC7C47E005F245C /* AppDelegate.swift */,
				8538A5802BC7C47E005F245C /* SceneDelegate.swift */,
				8538A5822BC7C47E005F245C /* ViewController.swift */,
				8538A5842BC7C47E005F245C /* Main.storyboard */,
				8538A58A2BC7C47F005F245C /* Assets.xcassets */,
				8538A58C2BC7C47F005F245C /* LaunchScreen.storyboard */,
				8538A58F2BC7C47F005F245C /* Info.plist */,
				8538A5872BC7C47E005F245C /* Let_s_ALL_IN.xcdatamodeld */,
			);
			path = "Let's ALL IN";
			sourceTree = "<group>";
		};
/* End PBXGroup section */

/* Begin PBXNativeTarget section */
		8538A57A2BC7C47E005F245C /* Let's ALL IN */ = {
			isa = PBXNativeTarget;
			buildConfigurationList = 8538A5922BC7C47F005F245C /* Build configuration list for PBXNativeTarget "Let's ALL IN" */;
			buildPhases = (
				8538A5772BC7C47E005F245C /* Sources */,
				8538A5782BC7C47E005F245C /* Frameworks */,
				8538A5792BC7C47E005F245C /* Resources */,
			);
			buildRules = (
			);
			dependencies = (
			);
			name = "Let's ALL IN";
			productName = "Let's ALL IN";
			productReference = 8538A57B2BC7C47E005F245C /* Let's ALL IN.app */;
			productType = "com.apple.product-type.application";
		};
/* End PBXNativeTarget section */

/* Begin PBXProject section */
		8538A5732BC7C47E005F245C /* Project object */ = {
			isa = PBXProject;
			attributes = {
				BuildIndependentTargetsInParallel = 1;
				LastSwiftUpdateCheck = 1420;
				LastUpgradeCheck = 1420;
				TargetAttributes = {
					8538A57A2BC7C47E005F245C = {
						CreatedOnToolsVersion = 14.2;
					};
				};
			};
			buildConfigurationList = 8538A5762BC7C47E005F245C /* Build configuration list for PBXProject "Let's ALL IN" */;
			compatibilityVersion = "Xcode 14.0";
			developmentRegion = en;
			hasScannedForEncodings = 0;
			knownRegions = (
				en,
				Base,
			);
			mainGroup = 8538A5722BC7C47E005F245C;
			productRefGroup = 8538A57C2BC7C47E005F245C /* Products */;
			projectDirPath = "";
			projectRoot = "";
			targets = (
				8538A57A2BC7C47E005F245C /* Let's ALL IN */,
			);
		};
/* End PBXProject section */

/* Begin PBXResourcesBuildPhase section */
		8538A5792BC7C47E005F245C /* Resources */ = {
			isa = PBXResourcesBuildPhase;
			buildActionMask = 2147483647;
			files = (
				8538A58E2BC7C47F005F245C /* LaunchScreen.storyboard in Resources */,
				8538A58B2BC7C47F005F245C /* Assets.xcassets in Resources */,
				8538A5862BC7C47E005F245C /* Main.storyboard in Resources */,
			);
			runOnlyForDeploymentPostprocessing = 0;
		};
/* End PBXResourcesBuildPhase section */

/* Begin PBXSourcesBuildPhase section */
		8538A5772BC7C47E005F245C /* Sources */ = {
			isa = PBXSourcesBuildPhase;
			buildActionMask = 2147483647;
			files = (
				8538A5832BC7C47E005F245C /* ViewController.swift in Sources */,
				8538A57F2BC7C47E005F245C /* AppDelegate.swift in Sources */,
				8538A5892BC7C47E005F245C /* Let_s_ALL_IN.xcdatamodeld in Sources */,
				8538A5812BC7C47E005F245C /* SceneDelegate.swift in Sources */,
			);
			runOnlyForDeploymentPostprocessing = 0;
		};
/* End PBXSourcesBuildPhase section */

/* Begin PBXVariantGroup section */
		8538A5842BC7C47E005F245C /* Main.storyboard */ = {
			isa = PBXVariantGroup;
			children = (
				8538A5852BC7C47E005F245C /* Base */,
			);
			name = Main.storyboard;
			sourceTree = "<group>";
		};
		8538A58C2BC7C47F005F245C /* LaunchScreen.storyboard */ = {
			isa = PBXVariantGroup;
			children = (
				8538A58D2BC7C47F005F245C /* Base */,
			);
			name = LaunchScreen.storyboard;
			sourceTree = "<group>";
		};
/* End PBXVariantGroup section */

/* Begin XCBuildConfiguration section */
		8538A5902BC7C47F005F245C /* Debug */ = {
			isa = XCBuildConfiguration;
			buildSettings = {
				ALWAYS_SEARCH_USER_PATHS = NO;
				CLANG_ANALYZER_NONNULL = YES;
				CLANG_ANALYZER_NUMBER_OBJECT_CONVERSION = YES_AGGRESSIVE;
				CLANG_CXX_LANGUAGE_STANDARD = "gnu++20";
				CLANG_ENABLE_MODULES = YES;
				CLANG_ENABLE_OBJC_ARC = YES;
				CLANG_ENABLE_OBJC_WEAK = YES;
				CLANG_WARN_BLOCK_CAPTURE_AUTORELEASING = YES;
				CLANG_WARN_BOOL_CONVERSION = YES;
				CLANG_WARN_COMMA = YES;
				CLANG_WARN_CONSTANT_CONVERSION = YES;
				CLANG_WARN_DEPRECATED_OBJC_IMPLEMENTATIONS = YES;
				CLANG_WARN_DIRECT_OBJC_ISA_USAGE = YES_ERROR;
				CLANG_WARN_DOCUMENTATION_COMMENTS = YES;
				CLANG_WARN_EMPTY_BODY = YES;
				CLANG_WARN_ENUM_CONVERSION = YES;
				CLANG_WARN_INFINITE_RECURSION = YES;
				CLANG_WARN_INT_CONVERSION = YES;
				CLANG_WARN_NON_LITERAL_NULL_CONVERSION = YES;
				CLANG_WARN_OBJC_IMPLICIT_RETAIN_SELF = YES;
				CLANG_WARN_OBJC_LITERAL_CONVERSION = YES;
				CLANG_WARN_OBJC_ROOT_CLASS = YES_ERROR;
				CLANG_WARN_QUOTED_INCLUDE_IN_FRAMEWORK_HEADER = YES;
				CLANG_WARN_RANGE_LOOP_ANALYSIS = YES;
				CLANG_WARN_STRICT_PROTOTYPES = YES;
				CLANG_WARN_SUSPICIOUS_MOVE = YES;
				CLANG_WARN_UNGUARDED_AVAILABILITY = YES_AGGRESSIVE;
				CLANG_WARN_UNREACHABLE_CODE = YES;
				CLANG_WARN__DUPLICATE_METHOD_MATCH = YES;
				COPY_PHASE_STRIP = NO;
				DEBUG_INFORMATION_FORMAT = dwarf;
				ENABLE_STRICT_OBJC_MSGSEND = YES;
				ENABLE_TESTABILITY = YES;
				GCC_C_LANGUAGE_STANDARD = gnu11;
				GCC_DYNAMIC_NO_PIC = NO;
				GCC_NO_COMMON_BLOCKS = YES;
				GCC_OPTIMIZATION_LEVEL = 0;
				GCC_PREPROCESSOR_DEFINITIONS = (
					"DEBUG=1",
					"$(inherited)",
				);
				GCC_WARN_64_TO_32_BIT_CONVERSION = YES;
				GCC_WARN_ABOUT_RETURN_TYPE = YES_ERROR;
				GCC_WARN_UNDECLARED_SELECTOR = YES;
				GCC_WARN_UNINITIALIZED_AUTOS = YES_AGGRESSIVE;
				GCC_WARN_UNUSED_FUNCTION = YES;
				GCC_WARN_UNUSED_VARIABLE = YES;
				IPHONEOS_DEPLOYMENT_TARGET = 16.2;
				MTL_ENABLE_DEBUG_INFO = INCLUDE_SOURCE;
				MTL_FAST_MATH = YES;
				ONLY_ACTIVE_ARCH = YES;
				SDKROOT = iphoneos;
				SWIFT_ACTIVE_COMPILATION_CONDITIONS = DEBUG;
				SWIFT_OPTIMIZATION_LEVEL = "-Onone";
			};
			name = Debug;
		};
		8538A5912BC7C47F005F245C /* Release */ = {
			isa = XCBuildConfiguration;
			buildSettings = {
				ALWAYS_SEARCH_USER_PATHS = NO;
				CLANG_ANALYZER_NONNULL = YES;
				CLANG_ANALYZER_NUMBER_OBJECT_CONVERSION = YES_AGGRESSIVE;
				CLANG_CXX_LANGUAGE_STANDARD = "gnu++20";
				CLANG_ENABLE_MODULES = YES;
				CLANG_ENABLE_OBJC_ARC = YES;
				CLANG_ENABLE_OBJC_WEAK = YES;
				CLANG_WARN_BLOCK_CAPTURE_AUTORELEASING = YES;
				CLANG_WARN_BOOL_CONVERSION = YES;
				CLANG_WARN_COMMA = YES;
				CLANG_WARN_CONSTANT_CONVERSION = YES;
				CLANG_WARN_DEPRECATED_OBJC_IMPLEMENTATIONS = YES;
				CLANG_WARN_DIRECT_OBJC_ISA_USAGE = YES_ERROR;
				CLANG_WARN_DOCUMENTATION_COMMENTS = YES;
				CLANG_WARN_EMPTY_BODY = YES;
				CLANG_WARN_ENUM_CONVERSION = YES;
				CLANG_WARN_INFINITE_RECURSION = YES;
				CLANG_WARN_INT_CONVERSION = YES;
				CLANG_WARN_NON_LITERAL_NULL_CONVERSION = YES;
				CLANG_WARN_OBJC_IMPLICIT_RETAIN_SELF = YES;
				CLANG_WARN_OBJC_LITERAL_CONVERSION = YES;
				CLANG_WARN_OBJC_ROOT_CLASS = YES_ERROR;
				CLANG_WARN_QUOTED_INCLUDE_IN_FRAMEWORK_HEADER = YES;
				CLANG_WARN_RANGE_LOOP_ANALYSIS = YES;
				CLANG_WARN_STRICT_PROTOTYPES = YES;
				CLANG_WARN_SUSPICIOUS_MOVE = YES;
				CLANG_WARN_UNGUARDED_AVAILABILITY = YES_AGGRESSIVE;
				CLANG_WARN_UNREACHABLE_CODE = YES;
				CLANG_WARN__DUPLICATE_METHOD_MATCH = YES;
				COPY_PHASE_STRIP = NO;
				DEBUG_INFORMATION_FORMAT = "dwarf-with-dsym";
				ENABLE_NS_ASSERTIONS = NO;
				ENABLE_STRICT_OBJC_MSGSEND = YES;
				GCC_C_LANGUAGE_STANDARD = gnu11;
				GCC_NO_COMMON_BLOCKS = YES;
				GCC_WARN_64_TO_32_BIT_CONVERSION = YES;
				GCC_WARN_ABOUT_RETURN_TYPE = YES_ERROR;
				GCC_WARN_UNDECLARED_SELECTOR = YES;
				GCC_WARN_UNINITIALIZED_AUTOS = YES_AGGRESSIVE;
				GCC_WARN_UNUSED_FUNCTION = YES;
				GCC_WARN_UNUSED_VARIABLE = YES;
				IPHONEOS_DEPLOYMENT_TARGET = 16.2;
				MTL_ENABLE_DEBUG_INFO = NO;
				MTL_FAST_MATH = YES;
				SDKROOT = iphoneos;
				SWIFT_COMPILATION_MODE = wholemodule;
				SWIFT_OPTIMIZATION_LEVEL = "-O";
				VALIDATE_PRODUCT = YES;
			};
			name = Release;
		};
		8538A5932BC7C47F005F245C /* Debug */ = {
			isa = XCBuildConfiguration;
			buildSettings = {
				ASSETCATALOG_COMPILER_APPICON_NAME = AppIcon;
				ASSETCATALOG_COMPILER_GLOBAL_ACCENT_COLOR_NAME = AccentColor;
				CODE_SIGN_STYLE = Automatic;
				CURRENT_PROJECT_VERSION = 1;
				DEVELOPMENT_TEAM = 6CA6Q5L7M2;
				GENERATE_INFOPLIST_FILE = YES;
				INFOPLIST_FILE = "Let's ALL IN/Info.plist";
				INFOPLIST_KEY_UIApplicationSupportsIndirectInputEvents = YES;
				INFOPLIST_KEY_UILaunchStoryboardName = LaunchScreen;
				INFOPLIST_KEY_UIMainStoryboardFile = Main;
				INFOPLIST_KEY_UISupportedInterfaceOrientations_iPad = "UIInterfaceOrientationPortrait UIInterfaceOrientationPortraitUpsideDown UIInterfaceOrientationLandscapeLeft UIInterfaceOrientationLandscapeRight";
				INFOPLIST_KEY_UISupportedInterfaceOrientations_iPhone = "UIInterfaceOrientationPortrait UIInterfaceOrientationLandscapeLeft UIInterfaceOrientationLandscapeRight";
				LD_RUNPATH_SEARCH_PATHS = (
					"$(inherited)",
					"@executable_path/Frameworks",
				);
				MARKETING_VERSION = 1.0;
				PRODUCT_BUNDLE_IDENTIFIER = "com.kevin.Let-s-ALL-IN";
				PRODUCT_NAME = "$(TARGET_NAME)";
				SWIFT_EMIT_LOC_STRINGS = YES;
				SWIFT_VERSION = 5.0;
				TARGETED_DEVICE_FAMILY = "1,2";
			};
			name = Debug;
		};
		8538A5942BC7C47F005F245C /* Release */ = {
			isa = XCBuildConfiguration;
			buildSettings = {
				ASSETCATALOG_COMPILER_APPICON_NAME = AppIcon;
				ASSETCATALOG_COMPILER_GLOBAL_ACCENT_COLOR_NAME = AccentColor;
				CODE_SIGN_STYLE = Automatic;
				CURRENT_PROJECT_VERSION = 1;
				DEVELOPMENT_TEAM = 6CA6Q5L7M2;
				GENERATE_INFOPLIST_FILE = YES;
				INFOPLIST_FILE = "Let's ALL IN/Info.plist";
				INFOPLIST_KEY_UIApplicationSupportsIndirectInputEvents = YES;
				INFOPLIST_KEY_UILaunchStoryboardName = LaunchScreen;
				INFOPLIST_KEY_UIMainStoryboardFile = Main;
				INFOPLIST_KEY_UISupportedInterfaceOrientations_iPad = "UIInterfaceOrientationPortrait UIInterfaceOrientationPortraitUpsideDown UIInterfaceOrientationLandscapeLeft UIInterfaceOrientationLandscapeRight";
				INFOPLIST_KEY_UISupportedInterfaceOrientations_iPhone = "UIInterfaceOrientationPortrait UIInterfaceOrientationLandscapeLeft UIInterfaceOrientationLandscapeRight";
				LD_RUNPATH_SEARCH_PATHS = (
					"$(inherited)",
					"@executable_path/Frameworks",
				);
				MARKETING_VERSION = 1.0;
				PRODUCT_BUNDLE_IDENTIFIER = "com.kevin.Let-s-ALL-IN";
				PRODUCT_NAME = "$(TARGET_NAME)";
				SWIFT_EMIT_LOC_STRINGS = YES;
				SWIFT_VERSION = 5.0;
				TARGETED_DEVICE_FAMILY = "1,2";
			};
			name = Release;
		};
/* End XCBuildConfiguration section */

/* Begin XCConfigurationList section */
		8538A5762BC7C47E005F245C /* Build configuration list for PBXProject "Let's ALL IN" */ = {
			isa = XCConfigurationList;
			buildConfigurations = (
				8538A5902BC7C47F005F245C /* Debug */,
				8538A5912BC7C47F005F245C /* Release */,
			);
			defaultConfigurationIsVisible = 0;
			defaultConfigurationName = Release;
		};
		8538A5922BC7C47F005F245C /* Build configuration list for PBXNativeTarget "Let's ALL IN" */ = {
			isa = XCConfigurationList;
			buildConfigurations = (
				8538A5932BC7C47F005F245C /* Debug */,
				8538A5942BC7C47F005F245C /* Release */,
			);
			defaultConfigurationIsVisible = 0;
			defaultConfigurationName = Release;
		};
/* End XCConfigurationList section */

/* Begin XCVersionGroup section */
		8538A5872BC7C47E005F245C /* Let_s_ALL_IN.xcdatamodeld */ = {
			isa = XCVersionGroup;
			children = (
				8538A5882BC7C47E005F245C /* Let_s_ALL_IN.xcdatamodel */,
			);
			currentVersion = 8538A5882BC7C47E005F245C /* Let_s_ALL_IN.xcdatamodel */;
			path = Let_s_ALL_IN.xcdatamodeld;
			sourceTree = "<group>";
			versionGroupType = wrapper.xcdatamodel;
		};
/* End XCVersionGroup section */
	};
	rootObject = 8538A5732BC7C47E005F245C /* Project object */;
}
